
Microsoft Visual Studio Solution File, Format Version 12.00
# Visual Studio Version 17
VisualStudioVersion = 17.9.34714.143
MinimumVisualStudioVersion = 10.0.40219.1
Project("{FAE04EC0-301F-11D3-BF4B-00C04F79EFBC}") = "testframework", "testframework.csproj", "{9959C4DB-839F-4419-975F-CB9CEFE41B6A}"
EndProject
Global
	GlobalSection(SolutionConfigurationPlatforms) = preSolution
		Debug|Any CPU = Debug|Any CPU
		Release|Any CPU = Release|Any CPU
	EndGlobalSection
	GlobalSection(ProjectConfigurationPlatforms) = postSolution
		{9959C4DB-839F-4419-975F-CB9CEFE41B6A}.Debug|Any CPU.ActiveCfg = Debug|Any CPU
		{9959C4DB-839F-4419-975F-CB9CEFE41B6A}.Debug|Any CPU.Build.0 = Debug|Any CPU
		{9959C4DB-839F-4419-975F-CB9CEFE41B6A}.Release|Any CPU.ActiveCfg = Release|Any CPU
		{9959C4DB-839F-4419-975F-CB9CEFE41B6A}.Release|Any CPU.Build.0 = Release|Any CPU
	EndGlobalSection
	GlobalSection(SolutionProperties) = preSolution
		HideSolutionNode = FALSE
	EndGlobalSection
	GlobalSection(ExtensibilityGlobals) = postSolution
		SolutionGuid = {7BA2DABD-3EBC-493D-B554-596615A8A340}
	EndGlobalSection
EndGlobal
